<Solution>
  <Folder Name="/doc/" />
  <Folder Name="/src/">
    <Project Path="src/BlaisePascal.EasyFirstProblem.Domain/BlaisePascal.EasyFirstProblem.Domain.csproj" />
    <Project Path="src/BlisePascal.EasyFirstProblem.Console/BlisePascal.EasyFirstProblem.Console.csproj" />
  </Folder>
  <Folder Name="/test/" />
</Solution>
